
Microsoft Visual Studio Solution File, Format Version 12.00
# Visual Studio Version 16
VisualStudioVersion = 25.0.1700.6
MinimumVisualStudioVersion = 10.0.40219.1
Project("{FAE04EC0-301F-11D3-BF4B-00C04F79EFBC}") = "Clase1", "Clase1\Clase1.csproj", "{109CFAD0-CC91-451E-83D5-6B09CFE413DF}"
EndProject
Global
	GlobalSection(SolutionConfigurationPlatforms) = preSolution
		Debug|Any CPU = Debug|Any CPU
		Release|Any CPU = Release|Any CPU
	EndGlobalSection
	GlobalSection(ProjectConfigurationPlatforms) = postSolution
		{109CFAD0-CC91-451E-83D5-6B09CFE413DF}.Debug|Any CPU.ActiveCfg = Debug|Any CPU
		{109CFAD0-CC91-451E-83D5-6B09CFE413DF}.Debug|Any CPU.Build.0 = Debug|Any CPU
		{109CFAD0-CC91-451E-83D5-6B09CFE413DF}.Release|Any CPU.ActiveCfg = Release|Any CPU
		{109CFAD0-CC91-451E-83D5-6B09CFE413DF}.Release|Any CPU.Build.0 = Release|Any CPU
	EndGlobalSection
	GlobalSection(SolutionProperties) = preSolution
		HideSolutionNode = FALSE
	EndGlobalSection
	GlobalSection(ExtensibilityGlobals) = postSolution
		SolutionGuid = {9D118DFB-D08A-474B-9B16-15BB10EDF514}
	EndGlobalSection
EndGlobal
